// !$*UTF8*$!
{
	archiveVersion = 1;
	classes = {
	};
	objectVersion = 51;
	objects = {

/* Begin PBXBuildFile section */
		018FE7E326F51F2C0080040B /* BaseCoordinator.swift in Sources */ = {isa = PBXBuildFile; fileRef = 018FE7E226F51F2C0080040B /* BaseCoordinator.swift */; };
		018FE7E526F51F700080040B /* BaseCoordinatorProtocol.swift in Sources */ = {isa = PBXBuildFile; fileRef = 018FE7E426F51F700080040B /* BaseCoordinatorProtocol.swift */; };
		018FE7E726F5200C0080040B /* VeeWeatherCoordinator.swift in Sources */ = {isa = PBXBuildFile; fileRef = 018FE7E626F5200C0080040B /* VeeWeatherCoordinator.swift */; };
		018FE7EA26F520740080040B /* Router.swift in Sources */ = {isa = PBXBuildFile; fileRef = 018FE7E926F520740080040B /* Router.swift */; };
		018FE7ED26F5209E0080040B /* Presentable.swift in Sources */ = {isa = PBXBuildFile; fileRef = 018FE7EC26F5209E0080040B /* Presentable.swift */; };
		018FE7F026F521240080040B /* VeeWeatherDIManager.swift in Sources */ = {isa = PBXBuildFile; fileRef = 018FE7EF26F521240080040B /* VeeWeatherDIManager.swift */; };
		018FE7F226F522FF0080040B /* DIManagerProtocol.swift in Sources */ = {isa = PBXBuildFile; fileRef = 018FE7F126F522FF0080040B /* DIManagerProtocol.swift */; };
		018FE7F526F527AE0080040B /* Storyboards-scenes.swift in Sources */ = {isa = PBXBuildFile; fileRef = 018FE7F426F527AE0080040B /* Storyboards-scenes.swift */; };
		018FE7F726F52B670080040B /* DIManager.swift in Sources */ = {isa = PBXBuildFile; fileRef = 018FE7F626F52B670080040B /* DIManager.swift */; };
		018FE7F926F5301A0080040B /* RouterImp.swift in Sources */ = {isa = PBXBuildFile; fileRef = 018FE7F826F5301A0080040B /* RouterImp.swift */; };
		018FE7FB26F554CD0080040B /* Constants.swift in Sources */ = {isa = PBXBuildFile; fileRef = 018FE7FA26F554CD0080040B /* Constants.swift */; };
		01E12E0126F29A6400EC0D7E /* AppDelegate.swift in Sources */ = {isa = PBXBuildFile; fileRef = 01E12E0026F29A6400EC0D7E /* AppDelegate.swift */; };
		01E12E0526F29A6400EC0D7E /* ViewController.swift in Sources */ = {isa = PBXBuildFile; fileRef = 01E12E0426F29A6400EC0D7E /* ViewController.swift */; };
		01E12E0826F29A6400EC0D7E /* Main.storyboard in Resources */ = {isa = PBXBuildFile; fileRef = 01E12E0626F29A6400EC0D7E /* Main.storyboard */; };
		01E12E0B26F29A6400EC0D7E /* VeeWeather.xcdatamodeld in Sources */ = {isa = PBXBuildFile; fileRef = 01E12E0926F29A6400EC0D7E /* VeeWeather.xcdatamodeld */; };
		01E12E0D26F29A6600EC0D7E /* Assets.xcassets in Resources */ = {isa = PBXBuildFile; fileRef = 01E12E0C26F29A6600EC0D7E /* Assets.xcassets */; };
		01E12E1026F29A6600EC0D7E /* LaunchScreen.storyboard in Resources */ = {isa = PBXBuildFile; fileRef = 01E12E0E26F29A6600EC0D7E /* LaunchScreen.storyboard */; };
		01E12E2026F2A8F800EC0D7E /* Story.swift in Sources */ = {isa = PBXBuildFile; fileRef = 01E12E1F26F2A8F800EC0D7E /* Story.swift */; };
		01E12E2226F2AAA600EC0D7E /* ViewControllerModel.swift in Sources */ = {isa = PBXBuildFile; fileRef = 01E12E2126F2AAA600EC0D7E /* ViewControllerModel.swift */; };
		5C5CA0A192EF152886A6462F /* Pods_VeeWeather.framework in Frameworks */ = {isa = PBXBuildFile; fileRef = 04E1C3956451FB3E7FB61528 /* Pods_VeeWeather.framework */; };
/* End PBXBuildFile section */

/* Begin PBXFileReference section */
		018FE7E226F51F2C0080040B /* BaseCoordinator.swift */ = {isa = PBXFileReference; lastKnownFileType = sourcecode.swift; path = BaseCoordinator.swift; sourceTree = "<group>"; };
		018FE7E426F51F700080040B /* BaseCoordinatorProtocol.swift */ = {isa = PBXFileReference; lastKnownFileType = sourcecode.swift; path = BaseCoordinatorProtocol.swift; sourceTree = "<group>"; };
		018FE7E626F5200C0080040B /* VeeWeatherCoordinator.swift */ = {isa = PBXFileReference; lastKnownFileType = sourcecode.swift; path = VeeWeatherCoordinator.swift; sourceTree = "<group>"; };
		018FE7E926F520740080040B /* Router.swift */ = {isa = PBXFileReference; lastKnownFileType = sourcecode.swift; path = Router.swift; sourceTree = "<group>"; };
		018FE7EC26F5209E0080040B /* Presentable.swift */ = {isa = PBXFileReference; lastKnownFileType = sourcecode.swift; path = Presentable.swift; sourceTree = "<group>"; };
		018FE7EF26F521240080040B /* VeeWeatherDIManager.swift */ = {isa = PBXFileReference; lastKnownFileType = sourcecode.swift; path = VeeWeatherDIManager.swift; sourceTree = "<group>"; };
		018FE7F126F522FF0080040B /* DIManagerProtocol.swift */ = {isa = PBXFileReference; lastKnownFileType = sourcecode.swift; path = DIManagerProtocol.swift; sourceTree = "<group>"; };
		018FE7F426F527AE0080040B /* Storyboards-scenes.swift */ = {isa = PBXFileReference; lastKnownFileType = sourcecode.swift; path = "Storyboards-scenes.swift"; sourceTree = "<group>"; };
		018FE7F626F52B670080040B /* DIManager.swift */ = {isa = PBXFileReference; lastKnownFileType = sourcecode.swift; path = DIManager.swift; sourceTree = "<group>"; };
		018FE7F826F5301A0080040B /* RouterImp.swift */ = {isa = PBXFileReference; lastKnownFileType = sourcecode.swift; path = RouterImp.swift; sourceTree = "<group>"; };
		018FE7FA26F554CD0080040B /* Constants.swift */ = {isa = PBXFileReference; lastKnownFileType = sourcecode.swift; path = Constants.swift; sourceTree = "<group>"; };
		01E12DFD26F29A6400EC0D7E /* VeeWeather.app */ = {isa = PBXFileReference; explicitFileType = wrapper.application; includeInIndex = 0; path = VeeWeather.app; sourceTree = BUILT_PRODUCTS_DIR; };
		01E12E0026F29A6400EC0D7E /* AppDelegate.swift */ = {isa = PBXFileReference; lastKnownFileType = sourcecode.swift; path = AppDelegate.swift; sourceTree = "<group>"; };
		01E12E0426F29A6400EC0D7E /* ViewController.swift */ = {isa = PBXFileReference; lastKnownFileType = sourcecode.swift; path = ViewController.swift; sourceTree = "<group>"; };
		01E12E0726F29A6400EC0D7E /* Base */ = {isa = PBXFileReference; lastKnownFileType = file.storyboard; name = Base; path = Base.lproj/Main.storyboard; sourceTree = "<group>"; };
		01E12E0A26F29A6400EC0D7E /* VeeWeather.xcdatamodel */ = {isa = PBXFileReference; lastKnownFileType = wrapper.xcdatamodel; path = VeeWeather.xcdatamodel; sourceTree = "<group>"; };
		01E12E0C26F29A6600EC0D7E /* Assets.xcassets */ = {isa = PBXFileReference; lastKnownFileType = folder.assetcatalog; path = Assets.xcassets; sourceTree = "<group>"; };
		01E12E0F26F29A6600EC0D7E /* Base */ = {isa = PBXFileReference; lastKnownFileType = file.storyboard; name = Base; path = Base.lproj/LaunchScreen.storyboard; sourceTree = "<group>"; };
		01E12E1126F29A6600EC0D7E /* Info.plist */ = {isa = PBXFileReference; lastKnownFileType = text.plist.xml; path = Info.plist; sourceTree = "<group>"; };
		01E12E1F26F2A8F800EC0D7E /* Story.swift */ = {isa = PBXFileReference; lastKnownFileType = sourcecode.swift; path = Story.swift; sourceTree = "<group>"; };
		01E12E2126F2AAA600EC0D7E /* ViewControllerModel.swift */ = {isa = PBXFileReference; lastKnownFileType = sourcecode.swift; path = ViewControllerModel.swift; sourceTree = "<group>"; };
		04E1C3956451FB3E7FB61528 /* Pods_VeeWeather.framework */ = {isa = PBXFileReference; explicitFileType = wrapper.framework; includeInIndex = 0; path = Pods_VeeWeather.framework; sourceTree = BUILT_PRODUCTS_DIR; };
		1C1134AF66B096CEA29C21A1 /* Pods-VeeWeather.debug.xcconfig */ = {isa = PBXFileReference; includeInIndex = 1; lastKnownFileType = text.xcconfig; name = "Pods-VeeWeather.debug.xcconfig"; path = "Target Support Files/Pods-VeeWeather/Pods-VeeWeather.debug.xcconfig"; sourceTree = "<group>"; };
		CC672F5F10549F5603A3A195 /* Pods-VeeWeather.release.xcconfig */ = {isa = PBXFileReference; includeInIndex = 1; lastKnownFileType = text.xcconfig; name = "Pods-VeeWeather.release.xcconfig"; path = "Target Support Files/Pods-VeeWeather/Pods-VeeWeather.release.xcconfig"; sourceTree = "<group>"; };
/* End PBXFileReference section */

/* Begin PBXFrameworksBuildPhase section */
		01E12DFA26F29A6400EC0D7E /* Frameworks */ = {
			isa = PBXFrameworksBuildPhase;
			buildActionMask = 2147483647;
			files = (
				5C5CA0A192EF152886A6462F /* Pods_VeeWeather.framework in Frameworks */,
			);
			runOnlyForDeploymentPostprocessing = 0;
		};
/* End PBXFrameworksBuildPhase section */

/* Begin PBXGroup section */
		018FE7E126F51F120080040B /* Coordinator */ = {
			isa = PBXGroup;
			children = (
				018FE7E226F51F2C0080040B /* BaseCoordinator.swift */,
				018FE7E426F51F700080040B /* BaseCoordinatorProtocol.swift */,
				018FE7E626F5200C0080040B /* VeeWeatherCoordinator.swift */,
			);
			path = Coordinator;
			sourceTree = "<group>";
		};
		018FE7E826F520670080040B /* Router */ = {
			isa = PBXGroup;
			children = (
				018FE7E926F520740080040B /* Router.swift */,
				018FE7F826F5301A0080040B /* RouterImp.swift */,
			);
			path = Router;
			sourceTree = "<group>";
		};
		018FE7EB26F5208E0080040B /* Presentable */ = {
			isa = PBXGroup;
			children = (
				018FE7EC26F5209E0080040B /* Presentable.swift */,
			);
			path = Presentable;
			sourceTree = "<group>";
		};
		018FE7EE26F521120080040B /* DIManager */ = {
			isa = PBXGroup;
			children = (
				018FE7EF26F521240080040B /* VeeWeatherDIManager.swift */,
				018FE7F126F522FF0080040B /* DIManagerProtocol.swift */,
				018FE7F626F52B670080040B /* DIManager.swift */,
			);
			path = DIManager;
			sourceTree = "<group>";
		};
		01E12DF426F29A6400EC0D7E = {
			isa = PBXGroup;
			children = (
				01E12DFF26F29A6400EC0D7E /* VeeWeather */,
				01E12DFE26F29A6400EC0D7E /* Products */,
				0CDE39BE97C1944FD2549BC7 /* Pods */,
				7AD0E7FB8F7D6F5E9AE9E42B /* Frameworks */,
			);
			sourceTree = "<group>";
		};
		01E12DFE26F29A6400EC0D7E /* Products */ = {
			isa = PBXGroup;
			children = (
				01E12DFD26F29A6400EC0D7E /* VeeWeather.app */,
			);
			name = Products;
			sourceTree = "<group>";
		};
		01E12DFF26F29A6400EC0D7E /* VeeWeather */ = {
			isa = PBXGroup;
			children = (
				018FE7EE26F521120080040B /* DIManager */,
				018FE7EB26F5208E0080040B /* Presentable */,
				018FE7E826F520670080040B /* Router */,
				018FE7E126F51F120080040B /* Coordinator */,
				01E12E1D26F29FE900EC0D7E /* Ressources */,
				01E12E1726F29F4D00EC0D7E /* Delegate */,
				01E12E1826F29F6800EC0D7E /* View */,
				01E12E1926F29F7100EC0D7E /* ViewModel */,
				01E12E1B26F29F8C00EC0D7E /* Model */,
				01E12E1A26F29F7D00EC0D7E /* Network */,
				01E12E1C26F29FD100EC0D7E /* Config */,
			);
			path = VeeWeather;
			sourceTree = "<group>";
		};
		01E12E1726F29F4D00EC0D7E /* Delegate */ = {
			isa = PBXGroup;
			children = (
				01E12E0026F29A6400EC0D7E /* AppDelegate.swift */,
			);
			path = Delegate;
			sourceTree = "<group>";
		};
		01E12E1826F29F6800EC0D7E /* View */ = {
			isa = PBXGroup;
			children = (
				01E12E1E26F2A00900EC0D7E /* LaunchScreen */,
				01E12E0626F29A6400EC0D7E /* Main.storyboard */,
				01E12E0426F29A6400EC0D7E /* ViewController.swift */,
			);
			path = View;
			sourceTree = "<group>";
		};
		01E12E1926F29F7100EC0D7E /* ViewModel */ = {
			isa = PBXGroup;
			children = (
				01E12E2126F2AAA600EC0D7E /* ViewControllerModel.swift */,
			);
			path = ViewModel;
			sourceTree = "<group>";
		};
		01E12E1A26F29F7D00EC0D7E /* Network */ = {
			isa = PBXGroup;
			children = (
			);
			path = Network;
			sourceTree = "<group>";
		};
		01E12E1B26F29F8C00EC0D7E /* Model */ = {
			isa = PBXGroup;
			children = (
			);
			path = Model;
			sourceTree = "<group>";
		};
		01E12E1C26F29FD100EC0D7E /* Config */ = {
			isa = PBXGroup;
			children = (
				01E12E1126F29A6600EC0D7E /* Info.plist */,
				01E12E0926F29A6400EC0D7E /* VeeWeather.xcdatamodeld */,
			);
			path = Config;
			sourceTree = "<group>";
		};
		01E12E1D26F29FE900EC0D7E /* Ressources */ = {
			isa = PBXGroup;
			children = (
				01E12E0C26F29A6600EC0D7E /* Assets.xcassets */,
				01E12E1F26F2A8F800EC0D7E /* Story.swift */,
				018FE7F426F527AE0080040B /* Storyboards-scenes.swift */,
				018FE7FA26F554CD0080040B /* Constants.swift */,
			);
			path = Ressources;
			sourceTree = "<group>";
		};
		01E12E1E26F2A00900EC0D7E /* LaunchScreen */ = {
			isa = PBXGroup;
			children = (
				01E12E0E26F29A6600EC0D7E /* LaunchScreen.storyboard */,
			);
			path = LaunchScreen;
			sourceTree = "<group>";
		};
		0CDE39BE97C1944FD2549BC7 /* Pods */ = {
			isa = PBXGroup;
			children = (
				1C1134AF66B096CEA29C21A1 /* Pods-VeeWeather.debug.xcconfig */,
				CC672F5F10549F5603A3A195 /* Pods-VeeWeather.release.xcconfig */,
			);
			path = Pods;
			sourceTree = "<group>";
		};
		7AD0E7FB8F7D6F5E9AE9E42B /* Frameworks */ = {
			isa = PBXGroup;
			children = (
				04E1C3956451FB3E7FB61528 /* Pods_VeeWeather.framework */,
			);
			name = Frameworks;
			sourceTree = "<group>";
		};
/* End PBXGroup section */

/* Begin PBXNativeTarget section */
		01E12DFC26F29A6400EC0D7E /* VeeWeather */ = {
			isa = PBXNativeTarget;
			buildConfigurationList = 01E12E1426F29A6600EC0D7E /* Build configuration list for PBXNativeTarget "VeeWeather" */;
			buildPhases = (
				C202895888B3B12E4EAC67F4 /* [CP] Check Pods Manifest.lock */,
				01E12DF926F29A6400EC0D7E /* Sources */,
				01E12DFA26F29A6400EC0D7E /* Frameworks */,
				01E12DFB26F29A6400EC0D7E /* Resources */,
				128B0EAF797890C040D045EF /* [CP] Embed Pods Frameworks */,
				018FE7F326F524C30080040B /* ShellScript */,
			);
			buildRules = (
			);
			dependencies = (
			);
			name = VeeWeather;
			productName = VeeWeather;
			productReference = 01E12DFD26F29A6400EC0D7E /* VeeWeather.app */;
			productType = "com.apple.product-type.application";
		};
/* End PBXNativeTarget section */

/* Begin PBXProject section */
		01E12DF526F29A6400EC0D7E /* Project object */ = {
			isa = PBXProject;
			attributes = {
				LastSwiftUpdateCheck = 1250;
				LastUpgradeCheck = 1250;
				TargetAttributes = {
					01E12DFC26F29A6400EC0D7E = {
						CreatedOnToolsVersion = 12.5.1;
					};
				};
			};
			buildConfigurationList = 01E12DF826F29A6400EC0D7E /* Build configuration list for PBXProject "VeeWeather" */;
			compatibilityVersion = "Xcode 9.3";
			developmentRegion = en;
			hasScannedForEncodings = 0;
			knownRegions = (
				en,
				Base,
			);
			mainGroup = 01E12DF426F29A6400EC0D7E;
			productRefGroup = 01E12DFE26F29A6400EC0D7E /* Products */;
			projectDirPath = "";
			projectRoot = "";
			targets = (
				01E12DFC26F29A6400EC0D7E /* VeeWeather */,
			);
		};
/* End PBXProject section */

/* Begin PBXResourcesBuildPhase section */
		01E12DFB26F29A6400EC0D7E /* Resources */ = {
			isa = PBXResourcesBuildPhase;
			buildActionMask = 2147483647;
			files = (
				01E12E1026F29A6600EC0D7E /* LaunchScreen.storyboard in Resources */,
				01E12E0D26F29A6600EC0D7E /* Assets.xcassets in Resources */,
				01E12E0826F29A6400EC0D7E /* Main.storyboard in Resources */,
			);
			runOnlyForDeploymentPostprocessing = 0;
		};
/* End PBXResourcesBuildPhase section */

/* Begin PBXShellScriptBuildPhase section */
		018FE7F326F524C30080040B /* ShellScript */ = {
			isa = PBXShellScriptBuildPhase;
			buildActionMask = 2147483647;
			files = (
			);
			inputFileListPaths = (
			);
			inputPaths = (
			);
			outputFileListPaths = (
			);
			outputPaths = (
			);
			runOnlyForDeploymentPostprocessing = 0;
			shellPath = /bin/sh;
			shellScript = "POD_DIR=\"$PODS_ROOT/SwiftGen/bin/swiftgen\"\nif which $POD_DIR >/dev/null; then\nSRCDIR=\"$PROJECT_DIR/$PROJECT_NAME\"\n\nif [[ -n $(find $SRCDIR -name '*.storyboard') ]]\nthen\n     $POD_DIR run storyboards -t scenes-swift5 \"$SRCDIR\" --output \"$SRCDIR/Ressources/Storyboards-scenes.swift\"\nelse\n     echo \"There is no Storyboard\"\nfi\n\nelse\necho \"warning: SwiftGen not installed, download it from https://github.com/AliSoftware/SwiftGen\"\nfi\n";
		};
		128B0EAF797890C040D045EF /* [CP] Embed Pods Frameworks */ = {
			isa = PBXShellScriptBuildPhase;
			buildActionMask = 2147483647;
			files = (
			);
			inputFileListPaths = (
				"${PODS_ROOT}/Target Support Files/Pods-VeeWeather/Pods-VeeWeather-frameworks-${CONFIGURATION}-input-files.xcfilelist",
			);
			name = "[CP] Embed Pods Frameworks";
			outputFileListPaths = (
				"${PODS_ROOT}/Target Support Files/Pods-VeeWeather/Pods-VeeWeather-frameworks-${CONFIGURATION}-output-files.xcfilelist",
			);
			runOnlyForDeploymentPostprocessing = 0;
			shellPath = /bin/sh;
			shellScript = "\"${PODS_ROOT}/Target Support Files/Pods-VeeWeather/Pods-VeeWeather-frameworks.sh\"\n";
			showEnvVarsInLog = 0;
		};
		C202895888B3B12E4EAC67F4 /* [CP] Check Pods Manifest.lock */ = {
			isa = PBXShellScriptBuildPhase;
			buildActionMask = 2147483647;
			files = (
			);
			inputFileListPaths = (
			);
			inputPaths = (
				"${PODS_PODFILE_DIR_PATH}/Podfile.lock",
				"${PODS_ROOT}/Manifest.lock",
			);
			name = "[CP] Check Pods Manifest.lock";
			outputFileListPaths = (
			);
			outputPaths = (
				"$(DERIVED_FILE_DIR)/Pods-VeeWeather-checkManifestLockResult.txt",
			);
			runOnlyForDeploymentPostprocessing = 0;
			shellPath = /bin/sh;
			shellScript = "diff \"${PODS_PODFILE_DIR_PATH}/Podfile.lock\" \"${PODS_ROOT}/Manifest.lock\" > /dev/null\nif [ $? != 0 ] ; then\n    # print error to STDERR\n    echo \"error: The sandbox is not in sync with the Podfile.lock. Run 'pod install' or update your CocoaPods installation.\" >&2\n    exit 1\nfi\n# This output is used by Xcode 'outputs' to avoid re-running this script phase.\necho \"SUCCESS\" > \"${SCRIPT_OUTPUT_FILE_0}\"\n";
			showEnvVarsInLog = 0;
		};
/* End PBXShellScriptBuildPhase section */

/* Begin PBXSourcesBuildPhase section */
		01E12DF926F29A6400EC0D7E /* Sources */ = {
			isa = PBXSourcesBuildPhase;
			buildActionMask = 2147483647;
			files = (
				018FE7F026F521240080040B /* VeeWeatherDIManager.swift in Sources */,
				018FE7F926F5301A0080040B /* RouterImp.swift in Sources */,
				01E12E0526F29A6400EC0D7E /* ViewController.swift in Sources */,
				018FE7E326F51F2C0080040B /* BaseCoordinator.swift in Sources */,
				018FE7E526F51F700080040B /* BaseCoordinatorProtocol.swift in Sources */,
				018FE7F726F52B670080040B /* DIManager.swift in Sources */,
				018FE7EA26F520740080040B /* Router.swift in Sources */,
				018FE7FB26F554CD0080040B /* Constants.swift in Sources */,
				018FE7E726F5200C0080040B /* VeeWeatherCoordinator.swift in Sources */,
				01E12E0126F29A6400EC0D7E /* AppDelegate.swift in Sources */,
				01E12E2226F2AAA600EC0D7E /* ViewControllerModel.swift in Sources */,
				01E12E2026F2A8F800EC0D7E /* Story.swift in Sources */,
				018FE7F226F522FF0080040B /* DIManagerProtocol.swift in Sources */,
				018FE7ED26F5209E0080040B /* Presentable.swift in Sources */,
				018FE7F526F527AE0080040B /* Storyboards-scenes.swift in Sources */,
				01E12E0B26F29A6400EC0D7E /* VeeWeather.xcdatamodeld in Sources */,
			);
			runOnlyForDeploymentPostprocessing = 0;
		};
/* End PBXSourcesBuildPhase section */

/* Begin PBXVariantGroup section */
		01E12E0626F29A6400EC0D7E /* Main.storyboard */ = {
			isa = PBXVariantGroup;
			children = (
				01E12E0726F29A6400EC0D7E /* Base */,
			);
			name = Main.storyboard;
			sourceTree = "<group>";
		};
		01E12E0E26F29A6600EC0D7E /* LaunchScreen.storyboard */ = {
			isa = PBXVariantGroup;
			children = (
				01E12E0F26F29A6600EC0D7E /* Base */,
			);
			name = LaunchScreen.storyboard;
			sourceTree = "<group>";
		};
/* End PBXVariantGroup section */

/* Begin XCBuildConfiguration section */
		01E12E1226F29A6600EC0D7E /* Debug */ = {
			isa = XCBuildConfiguration;
			buildSettings = {
				ALWAYS_SEARCH_USER_PATHS = NO;
				CLANG_ANALYZER_NONNULL = YES;
				CLANG_ANALYZER_NUMBER_OBJECT_CONVERSION = YES_AGGRESSIVE;
				CLANG_CXX_LANGUAGE_STANDARD = "gnu++14";
				CLANG_CXX_LIBRARY = "libc++";
				CLANG_ENABLE_MODULES = YES;
				CLANG_ENABLE_OBJC_ARC = YES;
				CLANG_ENABLE_OBJC_WEAK = YES;
				CLANG_WARN_BLOCK_CAPTURE_AUTORELEASING = YES;
				CLANG_WARN_BOOL_CONVERSION = YES;
				CLANG_WARN_COMMA = YES;
				CLANG_WARN_CONSTANT_CONVERSION = YES;
				CLANG_WARN_DEPRECATED_OBJC_IMPLEMENTATIONS = YES;
				CLANG_WARN_DIRECT_OBJC_ISA_USAGE = YES_ERROR;
				CLANG_WARN_DOCUMENTATION_COMMENTS = YES;
				CLANG_WARN_EMPTY_BODY = YES;
				CLANG_WARN_ENUM_CONVERSION = YES;
				CLANG_WARN_INFINITE_RECURSION = YES;
				CLANG_WARN_INT_CONVERSION = YES;
				CLANG_WARN_NON_LITERAL_NULL_CONVERSION = YES;
				CLANG_WARN_OBJC_IMPLICIT_RETAIN_SELF = YES;
				CLANG_WARN_OBJC_LITERAL_CONVERSION = YES;
				CLANG_WARN_OBJC_ROOT_CLASS = YES_ERROR;
				CLANG_WARN_QUOTED_INCLUDE_IN_FRAMEWORK_HEADER = YES;
				CLANG_WARN_RANGE_LOOP_ANALYSIS = YES;
				CLANG_WARN_STRICT_PROTOTYPES = YES;
				CLANG_WARN_SUSPICIOUS_MOVE = YES;
				CLANG_WARN_UNGUARDED_AVAILABILITY = YES_AGGRESSIVE;
				CLANG_WARN_UNREACHABLE_CODE = YES;
				CLANG_WARN__DUPLICATE_METHOD_MATCH = YES;
				COPY_PHASE_STRIP = NO;
				DEBUG_INFORMATION_FORMAT = dwarf;
				ENABLE_STRICT_OBJC_MSGSEND = YES;
				ENABLE_TESTABILITY = YES;
				GCC_C_LANGUAGE_STANDARD = gnu11;
				GCC_DYNAMIC_NO_PIC = NO;
				GCC_NO_COMMON_BLOCKS = YES;
				GCC_OPTIMIZATION_LEVEL = 0;
				GCC_PREPROCESSOR_DEFINITIONS = (
					"DEBUG=1",
					"$(inherited)",
				);
				GCC_WARN_64_TO_32_BIT_CONVERSION = YES;
				GCC_WARN_ABOUT_RETURN_TYPE = YES_ERROR;
				GCC_WARN_UNDECLARED_SELECTOR = YES;
				GCC_WARN_UNINITIALIZED_AUTOS = YES_AGGRESSIVE;
				GCC_WARN_UNUSED_FUNCTION = YES;
				GCC_WARN_UNUSED_VARIABLE = YES;
				IPHONEOS_DEPLOYMENT_TARGET = 14.5;
				MTL_ENABLE_DEBUG_INFO = INCLUDE_SOURCE;
				MTL_FAST_MATH = YES;
				ONLY_ACTIVE_ARCH = YES;
				SDKROOT = iphoneos;
				SWIFT_ACTIVE_COMPILATION_CONDITIONS = DEBUG;
				SWIFT_OPTIMIZATION_LEVEL = "-Onone";
			};
			name = Debug;
		};
		01E12E1326F29A6600EC0D7E /* Release */ = {
			isa = XCBuildConfiguration;
			buildSettings = {
				ALWAYS_SEARCH_USER_PATHS = NO;
				CLANG_ANALYZER_NONNULL = YES;
				CLANG_ANALYZER_NUMBER_OBJECT_CONVERSION = YES_AGGRESSIVE;
				CLANG_CXX_LANGUAGE_STANDARD = "gnu++14";
				CLANG_CXX_LIBRARY = "libc++";
				CLANG_ENABLE_MODULES = YES;
				CLANG_ENABLE_OBJC_ARC = YES;
				CLANG_ENABLE_OBJC_WEAK = YES;
				CLANG_WARN_BLOCK_CAPTURE_AUTORELEASING = YES;
				CLANG_WARN_BOOL_CONVERSION = YES;
				CLANG_WARN_COMMA = YES;
				CLANG_WARN_CONSTANT_CONVERSION = YES;
				CLANG_WARN_DEPRECATED_OBJC_IMPLEMENTATIONS = YES;
				CLANG_WARN_DIRECT_OBJC_ISA_USAGE = YES_ERROR;
				CLANG_WARN_DOCUMENTATION_COMMENTS = YES;
				CLANG_WARN_EMPTY_BODY = YES;
				CLANG_WARN_ENUM_CONVERSION = YES;
				CLANG_WARN_INFINITE_RECURSION = YES;
				CLANG_WARN_INT_CONVERSION = YES;
				CLANG_WARN_NON_LITERAL_NULL_CONVERSION = YES;
				CLANG_WARN_OBJC_IMPLICIT_RETAIN_SELF = YES;
				CLANG_WARN_OBJC_LITERAL_CONVERSION = YES;
				CLANG_WARN_OBJC_ROOT_CLASS = YES_ERROR;
				CLANG_WARN_QUOTED_INCLUDE_IN_FRAMEWORK_HEADER = YES;
				CLANG_WARN_RANGE_LOOP_ANALYSIS = YES;
				CLANG_WARN_STRICT_PROTOTYPES = YES;
				CLANG_WARN_SUSPICIOUS_MOVE = YES;
				CLANG_WARN_UNGUARDED_AVAILABILITY = YES_AGGRESSIVE;
				CLANG_WARN_UNREACHABLE_CODE = YES;
				CLANG_WARN__DUPLICATE_METHOD_MATCH = YES;
				COPY_PHASE_STRIP = NO;
				DEBUG_INFORMATION_FORMAT = "dwarf-with-dsym";
				ENABLE_NS_ASSERTIONS = NO;
				ENABLE_STRICT_OBJC_MSGSEND = YES;
				GCC_C_LANGUAGE_STANDARD = gnu11;
				GCC_NO_COMMON_BLOCKS = YES;
				GCC_WARN_64_TO_32_BIT_CONVERSION = YES;
				GCC_WARN_ABOUT_RETURN_TYPE = YES_ERROR;
				GCC_WARN_UNDECLARED_SELECTOR = YES;
				GCC_WARN_UNINITIALIZED_AUTOS = YES_AGGRESSIVE;
				GCC_WARN_UNUSED_FUNCTION = YES;
				GCC_WARN_UNUSED_VARIABLE = YES;
				IPHONEOS_DEPLOYMENT_TARGET = 14.5;
				MTL_ENABLE_DEBUG_INFO = NO;
				MTL_FAST_MATH = YES;
				SDKROOT = iphoneos;
				SWIFT_COMPILATION_MODE = wholemodule;
				SWIFT_OPTIMIZATION_LEVEL = "-O";
				VALIDATE_PRODUCT = YES;
			};
			name = Release;
		};
		01E12E1526F29A6600EC0D7E /* Debug */ = {
			isa = XCBuildConfiguration;
			baseConfigurationReference = 1C1134AF66B096CEA29C21A1 /* Pods-VeeWeather.debug.xcconfig */;
			buildSettings = {
				ASSETCATALOG_COMPILER_APPICON_NAME = AppIcon;
				ASSETCATALOG_COMPILER_GLOBAL_ACCENT_COLOR_NAME = AccentColor;
				CODE_SIGN_STYLE = Automatic;
				DEVELOPMENT_TEAM = 6HLHYZ382H;
				INFOPLIST_FILE = VeeWeather/Config/Info.plist;
				LD_RUNPATH_SEARCH_PATHS = (
					"$(inherited)",
					"@executable_path/Frameworks",
				);
				PRODUCT_BUNDLE_IDENTIFIER = fr.codevelop.VeeWeather;
				PRODUCT_NAME = "$(TARGET_NAME)";
				SWIFT_VERSION = 5.0;
				TARGETED_DEVICE_FAMILY = "1,2";
			};
			name = Debug;
		};
		01E12E1626F29A6600EC0D7E /* Release */ = {
			isa = XCBuildConfiguration;
			baseConfigurationReference = CC672F5F10549F5603A3A195 /* Pods-VeeWeather.release.xcconfig */;
			buildSettings = {
				ASSETCATALOG_COMPILER_APPICON_NAME = AppIcon;
				ASSETCATALOG_COMPILER_GLOBAL_ACCENT_COLOR_NAME = AccentColor;
				CODE_SIGN_STYLE = Automatic;
				DEVELOPMENT_TEAM = 6HLHYZ382H;
				INFOPLIST_FILE = VeeWeather/Config/Info.plist;
				LD_RUNPATH_SEARCH_PATHS = (
					"$(inherited)",
					"@executable_path/Frameworks",
				);
				PRODUCT_BUNDLE_IDENTIFIER = fr.codevelop.VeeWeather;
				PRODUCT_NAME = "$(TARGET_NAME)";
				SWIFT_VERSION = 5.0;
				TARGETED_DEVICE_FAMILY = "1,2";
			};
			name = Release;
		};
/* End XCBuildConfiguration section */

/* Begin XCConfigurationList section */
		01E12DF826F29A6400EC0D7E /* Build configuration list for PBXProject "VeeWeather" */ = {
			isa = XCConfigurationList;
			buildConfigurations = (
				01E12E1226F29A6600EC0D7E /* Debug */,
				01E12E1326F29A6600EC0D7E /* Release */,
			);
			defaultConfigurationIsVisible = 0;
			defaultConfigurationName = Release;
		};
		01E12E1426F29A6600EC0D7E /* Build configuration list for PBXNativeTarget "VeeWeather" */ = {
			isa = XCConfigurationList;
			buildConfigurations = (
				01E12E1526F29A6600EC0D7E /* Debug */,
				01E12E1626F29A6600EC0D7E /* Release */,
			);
			defaultConfigurationIsVisible = 0;
			defaultConfigurationName = Release;
		};
/* End XCConfigurationList section */

/* Begin XCVersionGroup section */
		01E12E0926F29A6400EC0D7E /* VeeWeather.xcdatamodeld */ = {
			isa = XCVersionGroup;
			children = (
				01E12E0A26F29A6400EC0D7E /* VeeWeather.xcdatamodel */,
			);
			currentVersion = 01E12E0A26F29A6400EC0D7E /* VeeWeather.xcdatamodel */;
			path = VeeWeather.xcdatamodeld;
			sourceTree = "<group>";
			versionGroupType = wrapper.xcdatamodel;
		};
/* End XCVersionGroup section */
	};
	rootObject = 01E12DF526F29A6400EC0D7E /* Project object */;
}
